
Microsoft Visual Studio Solution File, Format Version 12.00
# Visual Studio Version 16
VisualStudioVersion = 16.0.30204.135
MinimumVisualStudioVersion = 10.0.40219.1
Project("{FAE04EC0-301F-11D3-BF4B-00C04F79EFBC}") = "QA", "QA\QA.csproj", "{AC77642E-D574-4F29-A979-7A5F09BBD634}"
EndProject
Project("{FAE04EC0-301F-11D3-BF4B-00C04F79EFBC}") = "QA.Test", "QA.Test\QA.Test.csproj", "{50E01FF2-E150-4586-ACD5-7FDCC9E85B2F}"
EndProject
Global
	GlobalSection(SolutionConfigurationPlatforms) = preSolution
		Debug|Any CPU = Debug|Any CPU
		Release|Any CPU = Release|Any CPU
	EndGlobalSection
	GlobalSection(ProjectConfigurationPlatforms) = postSolution
		{AC77642E-D574-4F29-A979-7A5F09BBD634}.Debug|Any CPU.ActiveCfg = Debug|Any CPU
		{AC77642E-D574-4F29-A979-7A5F09BBD634}.Debug|Any CPU.Build.0 = Debug|Any CPU
		{AC77642E-D574-4F29-A979-7A5F09BBD634}.Release|Any CPU.ActiveCfg = Release|Any CPU
		{AC77642E-D574-4F29-A979-7A5F09BBD634}.Release|Any CPU.Build.0 = Release|Any CPU
		{50E01FF2-E150-4586-ACD5-7FDCC9E85B2F}.Debug|Any CPU.ActiveCfg = Debug|Any CPU
		{50E01FF2-E150-4586-ACD5-7FDCC9E85B2F}.Debug|Any CPU.Build.0 = Debug|Any CPU
		{50E01FF2-E150-4586-ACD5-7FDCC9E85B2F}.Release|Any CPU.ActiveCfg = Release|Any CPU
		{50E01FF2-E150-4586-ACD5-7FDCC9E85B2F}.Release|Any CPU.Build.0 = Release|Any CPU
	EndGlobalSection
	GlobalSection(SolutionProperties) = preSolution
		HideSolutionNode = FALSE
	EndGlobalSection
	GlobalSection(ExtensibilityGlobals) = postSolution
		SolutionGuid = {3A87FA03-DAC2-4650-897A-594615F94D73}
	EndGlobalSection
EndGlobal
